
Microsoft Visual Studio Solution File, Format Version 12.00
# Visual Studio Version 17
VisualStudioVersion = 17.7.34024.191
MinimumVisualStudioVersion = 10.0.40219.1
Project("{FAE04EC0-301F-11D3-BF4B-00C04F79EFBC}") = "217_Contains_Duplicate", "217_Contains_Duplicate\217_Contains_Duplicate.csproj", "{CD9ADD64-8C0F-4FF3-B899-E4C36BE3E180}"
EndProject
Project("{FAE04EC0-301F-11D3-BF4B-00C04F79EFBC}") = "242_Valid_Anagram", "242_Valid_Anagram\242_Valid_Anagram.csproj", "{6663CBC1-3614-40FB-9135-CBA1EFD9BBAD}"
EndProject
Project("{FAE04EC0-301F-11D3-BF4B-00C04F79EFBC}") = "1929_Concatenation_of_Array", "1929_Concatenation_of_Array\1929_Concatenation_of_Array.csproj", "{4532D793-3F3D-4804-9DDC-558B98A21295}"
EndProject
Project("{FAE04EC0-301F-11D3-BF4B-00C04F79EFBC}") = "1299_Replace_Elements_with_Greatest_Element_on_Right_Side", "1299_Replace_Elements_with_Greatest_Element_on_Right_Side\1299_Replace_Elements_with_Greatest_Element_on_Right_Side.csproj", "{564E2979-FA4A-4705-BBCC-E4EFB6A1E840}"
EndProject
Project("{FAE04EC0-301F-11D3-BF4B-00C04F79EFBC}") = "392_Is_Subsequence", "392_Is_Subsequence\392_Is_Subsequence.csproj", "{3FF58EED-7F80-4EE3-AC49-27B33F1EF42D}"
EndProject
Project("{FAE04EC0-301F-11D3-BF4B-00C04F79EFBC}") = "1_Two_Sum", "1_Two_Sum\1_Two_Sum.csproj", "{1DE81B7B-5CE7-4820-9FD8-F0A660250B7D}"
EndProject
Global
	GlobalSection(SolutionConfigurationPlatforms) = preSolution
		Debug|Any CPU = Debug|Any CPU
		Release|Any CPU = Release|Any CPU
	EndGlobalSection
	GlobalSection(ProjectConfigurationPlatforms) = postSolution
		{CD9ADD64-8C0F-4FF3-B899-E4C36BE3E180}.Debug|Any CPU.ActiveCfg = Debug|Any CPU
		{CD9ADD64-8C0F-4FF3-B899-E4C36BE3E180}.Debug|Any CPU.Build.0 = Debug|Any CPU
		{CD9ADD64-8C0F-4FF3-B899-E4C36BE3E180}.Release|Any CPU.ActiveCfg = Release|Any CPU
		{CD9ADD64-8C0F-4FF3-B899-E4C36BE3E180}.Release|Any CPU.Build.0 = Release|Any CPU
		{6663CBC1-3614-40FB-9135-CBA1EFD9BBAD}.Debug|Any CPU.ActiveCfg = Debug|Any CPU
		{6663CBC1-3614-40FB-9135-CBA1EFD9BBAD}.Debug|Any CPU.Build.0 = Debug|Any CPU
		{6663CBC1-3614-40FB-9135-CBA1EFD9BBAD}.Release|Any CPU.ActiveCfg = Release|Any CPU
		{6663CBC1-3614-40FB-9135-CBA1EFD9BBAD}.Release|Any CPU.Build.0 = Release|Any CPU
		{4532D793-3F3D-4804-9DDC-558B98A21295}.Debug|Any CPU.ActiveCfg = Debug|Any CPU
		{4532D793-3F3D-4804-9DDC-558B98A21295}.Debug|Any CPU.Build.0 = Debug|Any CPU
		{4532D793-3F3D-4804-9DDC-558B98A21295}.Release|Any CPU.ActiveCfg = Release|Any CPU
		{4532D793-3F3D-4804-9DDC-558B98A21295}.Release|Any CPU.Build.0 = Release|Any CPU
		{564E2979-FA4A-4705-BBCC-E4EFB6A1E840}.Debug|Any CPU.ActiveCfg = Debug|Any CPU
		{564E2979-FA4A-4705-BBCC-E4EFB6A1E840}.Debug|Any CPU.Build.0 = Debug|Any CPU
		{564E2979-FA4A-4705-BBCC-E4EFB6A1E840}.Release|Any CPU.ActiveCfg = Release|Any CPU
		{564E2979-FA4A-4705-BBCC-E4EFB6A1E840}.Release|Any CPU.Build.0 = Release|Any CPU
		{3FF58EED-7F80-4EE3-AC49-27B33F1EF42D}.Debug|Any CPU.ActiveCfg = Debug|Any CPU
		{3FF58EED-7F80-4EE3-AC49-27B33F1EF42D}.Debug|Any CPU.Build.0 = Debug|Any CPU
		{3FF58EED-7F80-4EE3-AC49-27B33F1EF42D}.Release|Any CPU.ActiveCfg = Release|Any CPU
		{3FF58EED-7F80-4EE3-AC49-27B33F1EF42D}.Release|Any CPU.Build.0 = Release|Any CPU
		{1DE81B7B-5CE7-4820-9FD8-F0A660250B7D}.Debug|Any CPU.ActiveCfg = Debug|Any CPU
		{1DE81B7B-5CE7-4820-9FD8-F0A660250B7D}.Debug|Any CPU.Build.0 = Debug|Any CPU
		{1DE81B7B-5CE7-4820-9FD8-F0A660250B7D}.Release|Any CPU.ActiveCfg = Release|Any CPU
		{1DE81B7B-5CE7-4820-9FD8-F0A660250B7D}.Release|Any CPU.Build.0 = Release|Any CPU
	EndGlobalSection
	GlobalSection(SolutionProperties) = preSolution
		HideSolutionNode = FALSE
	EndGlobalSection
	GlobalSection(ExtensibilityGlobals) = postSolution
		SolutionGuid = {43948B60-9AFD-42DC-84B3-DD4B8778F12A}
	EndGlobalSection
EndGlobal
